
Microsoft Visual Studio Solution File, Format Version 12.00
# Visual Studio 15
VisualStudioVersion = 15.0.28307.572
MinimumVisualStudioVersion = 10.0.40219.1
Project("{FAE04EC0-301F-11D3-BF4B-00C04F79EFBC}") = "ProjectPorfolioSystem", "ProjectPorfolioSystem\ProjectPorfolioSystem.csproj", "{A0927532-873D-49E0-B36D-F1CD14DEE465}"
EndProject
Project("{FAE04EC0-301F-11D3-BF4B-00C04F79EFBC}") = "ProjectPorfolioSystem.Models", "Models\ProjectPorfolioSystem.Models.csproj", "{A7CC3360-DA31-4F98-89B1-012E8D8D0E36}"
EndProject
Project("{FAE04EC0-301F-11D3-BF4B-00C04F79EFBC}") = "ProjectPorfolioSystem.Repository", "Repository\ProjectPorfolioSystem.Repository.csproj", "{52B0E326-3CB7-46F9-AE25-A40169B9ABCB}"
EndProject
Project("{FAE04EC0-301F-11D3-BF4B-00C04F79EFBC}") = "ProjectPorfolioSystem.Manager", "Manager\ProjectPorfolioSystem.Manager.csproj", "{C7328EAC-EECD-4A52-A0E2-601983677E9B}"
EndProject
Project("{FAE04EC0-301F-11D3-BF4B-00C04F79EFBC}") = "ProjectPorfolioSystem.Utils", "Utils\ProjectPorfolioSystem.Utils.csproj", "{8795E0C9-0871-4C14-B21C-1D556616E168}"
EndProject
Global
	GlobalSection(SolutionConfigurationPlatforms) = preSolution
		Debug|Any CPU = Debug|Any CPU
		Release|Any CPU = Release|Any CPU
	EndGlobalSection
	GlobalSection(ProjectConfigurationPlatforms) = postSolution
		{A0927532-873D-49E0-B36D-F1CD14DEE465}.Debug|Any CPU.ActiveCfg = Debug|Any CPU
		{A0927532-873D-49E0-B36D-F1CD14DEE465}.Debug|Any CPU.Build.0 = Debug|Any CPU
		{A0927532-873D-49E0-B36D-F1CD14DEE465}.Release|Any CPU.ActiveCfg = Release|Any CPU
		{A0927532-873D-49E0-B36D-F1CD14DEE465}.Release|Any CPU.Build.0 = Release|Any CPU
		{A7CC3360-DA31-4F98-89B1-012E8D8D0E36}.Debug|Any CPU.ActiveCfg = Debug|Any CPU
		{A7CC3360-DA31-4F98-89B1-012E8D8D0E36}.Debug|Any CPU.Build.0 = Debug|Any CPU
		{A7CC3360-DA31-4F98-89B1-012E8D8D0E36}.Release|Any CPU.ActiveCfg = Release|Any CPU
		{A7CC3360-DA31-4F98-89B1-012E8D8D0E36}.Release|Any CPU.Build.0 = Release|Any CPU
		{52B0E326-3CB7-46F9-AE25-A40169B9ABCB}.Debug|Any CPU.ActiveCfg = Debug|Any CPU
		{52B0E326-3CB7-46F9-AE25-A40169B9ABCB}.Debug|Any CPU.Build.0 = Debug|Any CPU
		{52B0E326-3CB7-46F9-AE25-A40169B9ABCB}.Release|Any CPU.ActiveCfg = Release|Any CPU
		{52B0E326-3CB7-46F9-AE25-A40169B9ABCB}.Release|Any CPU.Build.0 = Release|Any CPU
		{C7328EAC-EECD-4A52-A0E2-601983677E9B}.Debug|Any CPU.ActiveCfg = Debug|Any CPU
		{C7328EAC-EECD-4A52-A0E2-601983677E9B}.Debug|Any CPU.Build.0 = Debug|Any CPU
		{C7328EAC-EECD-4A52-A0E2-601983677E9B}.Release|Any CPU.ActiveCfg = Release|Any CPU
		{C7328EAC-EECD-4A52-A0E2-601983677E9B}.Release|Any CPU.Build.0 = Release|Any CPU
		{8795E0C9-0871-4C14-B21C-1D556616E168}.Debug|Any CPU.ActiveCfg = Debug|Any CPU
		{8795E0C9-0871-4C14-B21C-1D556616E168}.Debug|Any CPU.Build.0 = Debug|Any CPU
		{8795E0C9-0871-4C14-B21C-1D556616E168}.Release|Any CPU.ActiveCfg = Release|Any CPU
		{8795E0C9-0871-4C14-B21C-1D556616E168}.Release|Any CPU.Build.0 = Release|Any CPU
	EndGlobalSection
	GlobalSection(SolutionProperties) = preSolution
		HideSolutionNode = FALSE
	EndGlobalSection
	GlobalSection(ExtensibilityGlobals) = postSolution
		SolutionGuid = {F70BEE4E-F977-4091-A5A3-C4E3BD8B313C}
	EndGlobalSection
EndGlobal
